
Microsoft Visual Studio Solution File, Format Version 12.00
# Visual Studio Version 17
VisualStudioVersion = 17.4.33122.133
MinimumVisualStudioVersion = 10.0.40219.1
Project("{9A19103F-16F7-4668-BE54-9A1E7A4F7556}") = "FounderOfFortune.Game", "FounderOfFortune.Game\FounderOfFortune.Game.csproj", "{F1ADAB54-7563-456B-B0F1-5CF5B281FBB0}"
EndProject
Project("{9A19103F-16F7-4668-BE54-9A1E7A4F7556}") = "FounderOfFortune.Game.Test", "FounderOfFortune.Game.Test\FounderOfFortune.Game.Test.csproj", "{EDFE3D0A-C6A1-4BF8-AE80-FD0B277692F4}"
EndProject
Project("{2150E333-8FDC-42A3-9474-1A3956D46DE8}") = "Solution Items", "Solution Items", "{B5E5BAA5-1994-406D-A597-DFA948895B73}"
	ProjectSection(SolutionItems) = preProject
		..\.editorconfig = ..\.editorconfig
	EndProjectSection
EndProject
Project("{9A19103F-16F7-4668-BE54-9A1E7A4F7556}") = "FounderOfFortune.Solver", "FounderOfFortune.Solver\FounderOfFortune.Solver.csproj", "{D707B25E-70B1-4E78-88A9-1D3567615D4F}"
EndProject
Project("{FAE04EC0-301F-11D3-BF4B-00C04F79EFBC}") = "FounderOfFortune.Solver.Test", "FounderOfFortune.Solver.Test\FounderOfFortune.Solver.Test.csproj", "{BCE5C3AE-37AE-4C05-8CB2-40BEBF0AD817}"
EndProject
Global
	GlobalSection(SolutionConfigurationPlatforms) = preSolution
		Debug|Any CPU = Debug|Any CPU
		Release|Any CPU = Release|Any CPU
	EndGlobalSection
	GlobalSection(ProjectConfigurationPlatforms) = postSolution
		{F1ADAB54-7563-456B-B0F1-5CF5B281FBB0}.Debug|Any CPU.ActiveCfg = Debug|Any CPU
		{F1ADAB54-7563-456B-B0F1-5CF5B281FBB0}.Debug|Any CPU.Build.0 = Debug|Any CPU
		{F1ADAB54-7563-456B-B0F1-5CF5B281FBB0}.Release|Any CPU.ActiveCfg = Release|Any CPU
		{F1ADAB54-7563-456B-B0F1-5CF5B281FBB0}.Release|Any CPU.Build.0 = Release|Any CPU
		{EDFE3D0A-C6A1-4BF8-AE80-FD0B277692F4}.Debug|Any CPU.ActiveCfg = Debug|Any CPU
		{EDFE3D0A-C6A1-4BF8-AE80-FD0B277692F4}.Debug|Any CPU.Build.0 = Debug|Any CPU
		{EDFE3D0A-C6A1-4BF8-AE80-FD0B277692F4}.Release|Any CPU.ActiveCfg = Release|Any CPU
		{EDFE3D0A-C6A1-4BF8-AE80-FD0B277692F4}.Release|Any CPU.Build.0 = Release|Any CPU
		{D707B25E-70B1-4E78-88A9-1D3567615D4F}.Debug|Any CPU.ActiveCfg = Debug|Any CPU
		{D707B25E-70B1-4E78-88A9-1D3567615D4F}.Debug|Any CPU.Build.0 = Debug|Any CPU
		{D707B25E-70B1-4E78-88A9-1D3567615D4F}.Release|Any CPU.ActiveCfg = Release|Any CPU
		{D707B25E-70B1-4E78-88A9-1D3567615D4F}.Release|Any CPU.Build.0 = Release|Any CPU
		{BCE5C3AE-37AE-4C05-8CB2-40BEBF0AD817}.Debug|Any CPU.ActiveCfg = Debug|Any CPU
		{BCE5C3AE-37AE-4C05-8CB2-40BEBF0AD817}.Debug|Any CPU.Build.0 = Debug|Any CPU
		{BCE5C3AE-37AE-4C05-8CB2-40BEBF0AD817}.Release|Any CPU.ActiveCfg = Release|Any CPU
		{BCE5C3AE-37AE-4C05-8CB2-40BEBF0AD817}.Release|Any CPU.Build.0 = Release|Any CPU
	EndGlobalSection
	GlobalSection(SolutionProperties) = preSolution
		HideSolutionNode = FALSE
	EndGlobalSection
	GlobalSection(ExtensibilityGlobals) = postSolution
		SolutionGuid = {2D53327D-E7B6-4E8F-8DBD-8917A158BE5C}
	EndGlobalSection
EndGlobal
